
Microsoft Visual Studio Solution File, Format Version 12.00
# Visual Studio Version 17
VisualStudioVersion = 17.4.33110.190
MinimumVisualStudioVersion = 10.0.40219.1
Project("{FAE04EC0-301F-11D3-BF4B-00C04F79EFBC}") = "Client for Traccar", "Client-for-Traccar\Client for Traccar.csproj", "{D296C570-8A0E-4E9A-A406-D0C09FB06BEA}"
EndProject
Project("{54435603-DBB4-11D2-8724-00A0C9A8B90C}") = "Client-for-Traccar-INSTALLER", "Client-for-Traccar-INSTALLER\Client-for-Traccar-INSTALLER.vdproj", "{75D48E2A-9701-46AB-ACDB-AD50D8A68F73}"
EndProject
Global
	GlobalSection(SolutionConfigurationPlatforms) = preSolution
		Debug|Any CPU = Debug|Any CPU
		Release|Any CPU = Release|Any CPU
	EndGlobalSection
	GlobalSection(ProjectConfigurationPlatforms) = postSolution
		{D296C570-8A0E-4E9A-A406-D0C09FB06BEA}.Debug|Any CPU.ActiveCfg = Debug|Any CPU
		{D296C570-8A0E-4E9A-A406-D0C09FB06BEA}.Debug|Any CPU.Build.0 = Debug|Any CPU
		{D296C570-8A0E-4E9A-A406-D0C09FB06BEA}.Release|Any CPU.ActiveCfg = Release|Any CPU
		{D296C570-8A0E-4E9A-A406-D0C09FB06BEA}.Release|Any CPU.Build.0 = Release|Any CPU
		{75D48E2A-9701-46AB-ACDB-AD50D8A68F73}.Debug|Any CPU.ActiveCfg = Debug
		{75D48E2A-9701-46AB-ACDB-AD50D8A68F73}.Release|Any CPU.ActiveCfg = Release
	EndGlobalSection
	GlobalSection(SolutionProperties) = preSolution
		HideSolutionNode = FALSE
	EndGlobalSection
	GlobalSection(ExtensibilityGlobals) = postSolution
		SolutionGuid = {00C9665C-7E0F-493C-A4CD-A8702BCD0F15}
	EndGlobalSection
EndGlobal
